
Microsoft Visual Studio Solution File, Format Version 12.00
# Visual Studio Version 17
VisualStudioVersion = 17.11.35327.3
MinimumVisualStudioVersion = 10.0.40219.1
Project("{2150E333-8FDC-42A3-9474-1A3956D46DE8}") = "Task0", "Task0", "{AEA49692-38C5-406A-AB47-C22284823F68}"
EndProject
Project("{9A19103F-16F7-4668-BE54-9A1E7A4F7556}") = "Tyuiu.GizatullinAP.Sprint2.Task0.V17", "Tyuiu.GizatullinAP.Sprint2.Task0.V17\Tyuiu.GizatullinAP.Sprint2.Task0.V17.csproj", "{8A65376E-C5CC-42DE-9FEC-0F48633791FC}"
EndProject
Project("{9A19103F-16F7-4668-BE54-9A1E7A4F7556}") = "Tyuiu.GizatullinAP.Sprint2.Task0.V17.Test", "Tyuiu.GizatullinAP.Sprint2.Task0.V17.Test\Tyuiu.GizatullinAP.Sprint2.Task0.V17.Test.csproj", "{AC9D7454-CAF7-4A96-AC95-CB1B0483F4E8}"
EndProject
Project("{9A19103F-16F7-4668-BE54-9A1E7A4F7556}") = "Tyuiu.GizatullinAP.Sprint2.Task0.V17.Lib", "Tyuiu.GizatullinAP.Sprint2.Task0.V17.Lib\Tyuiu.GizatullinAP.Sprint2.Task0.V17.Lib.csproj", "{6990B855-EBE1-4BA0-9D9C-895DA4EE222B}"
EndProject
Project("{2150E333-8FDC-42A3-9474-1A3956D46DE8}") = "Task1", "Task1", "{E61A588E-D9AD-407D-95FA-F12186281360}"
EndProject
Project("{FAE04EC0-301F-11D3-BF4B-00C04F79EFBC}") = "Tyuiu.GizatullinAP.Sprint2.Task1.V18.Test", "Tyuiu.GizatullinAP.Sprint2.Task1.V18.Test\Tyuiu.GizatullinAP.Sprint2.Task1.V18.Test.csproj", "{B22E071A-FFCD-4C16-9D57-BE536A13094A}"
EndProject
Project("{FAE04EC0-301F-11D3-BF4B-00C04F79EFBC}") = "Tyuiu.GizatullinAP.Sprint2.Task1.V18", "Tyuiu.GizatullinAP.Sprint2.Task1.V18\Tyuiu.GizatullinAP.Sprint2.Task1.V18.csproj", "{17C31A9A-F608-49C2-A6D3-007BA4810E6B}"
EndProject
Project("{FAE04EC0-301F-11D3-BF4B-00C04F79EFBC}") = "Tyuiu.GizatullinAP.Sprint2.Task1.V18.Lib", "Tyuiu.GizatullinAP.Sprint2.Task1.V18.Lib\Tyuiu.GizatullinAP.Sprint2.Task1.V18.Lib.csproj", "{1127B061-AE81-47D4-BEFC-3BA5774F3BBB}"
EndProject
Project("{2150E333-8FDC-42A3-9474-1A3956D46DE8}") = "Task2", "Task2", "{1CD5055F-6BAD-4E17-B308-869530AB6D6A}"
EndProject
Project("{FAE04EC0-301F-11D3-BF4B-00C04F79EFBC}") = "Tyuiu.GizatullinAP.Sprint2.Task2.V4.Lib", "Tyuiu.GizatullinAP.Sprint2.Task2.V4.Lib\Tyuiu.GizatullinAP.Sprint2.Task2.V4.Lib.csproj", "{8AA59477-229C-4C78-97D8-832C48A03367}"
EndProject
Project("{FAE04EC0-301F-11D3-BF4B-00C04F79EFBC}") = "Tyuiu.GizatullinAP.Sprint2.Task2.V4", "Tyuiu.GizatullinAP.Sprint2.Task2.V4\Tyuiu.GizatullinAP.Sprint2.Task2.V4.csproj", "{F6956C63-0BFF-44E0-896F-8FD14C151341}"
EndProject
Project("{FAE04EC0-301F-11D3-BF4B-00C04F79EFBC}") = "Tyuiu.GizatullinAP.Sprint2.Task2.V4.Test", "Tyuiu.GizatullinAP.Sprint2.Task2.V4.Test\Tyuiu.GizatullinAP.Sprint2.Task2.V4.Test.csproj", "{6BA755AE-5B29-4D64-9691-887B147B0E66}"
EndProject
Project("{2150E333-8FDC-42A3-9474-1A3956D46DE8}") = "Task3", "Task3", "{5134A138-A72A-4F93-BFED-67F52402DB57}"
EndProject
Project("{FAE04EC0-301F-11D3-BF4B-00C04F79EFBC}") = "Tyuiu.GizatullinAP.Sprint2.Task3.V20.Test", "Tyuiu.GizatullinAP.Sprint2.Task3.V20.Test\Tyuiu.GizatullinAP.Sprint2.Task3.V20.Test.csproj", "{625AC6ED-86B2-409E-94A8-1366563A1806}"
EndProject
Project("{FAE04EC0-301F-11D3-BF4B-00C04F79EFBC}") = "Tyuiu.GizatullinAP.Sprint2.Task3.V20", "Tyuiu.GizatullinAP.Sprint2.Task3.V20\Tyuiu.GizatullinAP.Sprint2.Task3.V20.csproj", "{DAB449A7-7537-46FE-9B8B-93F89B24516F}"
EndProject
Project("{FAE04EC0-301F-11D3-BF4B-00C04F79EFBC}") = "Tyuiu.GizatullinAP.Sprint2.Task3.V20.Lib", "Tyuiu.GizatullinAP.Sprint2.Task3.V20.Lib\Tyuiu.GizatullinAP.Sprint2.Task3.V20.Lib.csproj", "{5D1C826A-FE96-44A9-ACF6-76BD57B18E7A}"
EndProject
Project("{2150E333-8FDC-42A3-9474-1A3956D46DE8}") = "Task4", "Task4", "{8BFD21ED-346A-4791-AC4B-32C03475612D}"
EndProject
Project("{FAE04EC0-301F-11D3-BF4B-00C04F79EFBC}") = "Tyuiu.GizatullinAP.Sprint2.Task4.V2.Lib", "Tyuiu.GizatullinAP.Sprint2.Task4.V2.Lib\Tyuiu.GizatullinAP.Sprint2.Task4.V2.Lib.csproj", "{B486C08F-3A45-4E9F-843C-A3093A5A696F}"
EndProject
Project("{FAE04EC0-301F-11D3-BF4B-00C04F79EFBC}") = "Tyuiu.GizatullinAP.Sprint2.Task4.V2", "Tyuiu.GizatullinAP.Sprint2.Task4.V2\Tyuiu.GizatullinAP.Sprint2.Task4.V2.csproj", "{D46CC179-9FEF-4B31-90BB-0AE747AD77EF}"
EndProject
Project("{FAE04EC0-301F-11D3-BF4B-00C04F79EFBC}") = "Tyuiu.GizatullinAP.Sprint2.Task4.V2.Test", "Tyuiu.GizatullinAP.Sprint2.Task4.V2.Test\Tyuiu.GizatullinAP.Sprint2.Task4.V2.Test.csproj", "{CE83ABF7-460D-4811-86EF-7EB2037FF280}"
EndProject
Project("{2150E333-8FDC-42A3-9474-1A3956D46DE8}") = "Task5", "Task5", "{52B9419D-FFBD-492B-B527-07B194D4979B}"
EndProject
Project("{FAE04EC0-301F-11D3-BF4B-00C04F79EFBC}") = "Tyuiu.GizatullinAP.Sprint2.Task5.V3.Test", "Tyuiu.GizatullinAP.Sprint2.Task5.V3.Test\Tyuiu.GizatullinAP.Sprint2.Task5.V3.Test.csproj", "{1409F50D-1B4A-420B-AC87-922305B5787F}"
EndProject
Project("{FAE04EC0-301F-11D3-BF4B-00C04F79EFBC}") = "Tyuiu.GizatullinAP.Sprint2.Task5.V3", "Tyuiu.GizatullinAP.Sprint2.Task5.V3\Tyuiu.GizatullinAP.Sprint2.Task5.V3.csproj", "{14C46574-1B0E-47B2-B86A-E977C40C5B9B}"
EndProject
Project("{FAE04EC0-301F-11D3-BF4B-00C04F79EFBC}") = "Tyuiu.GizatullinAP.Sprint2.Task5.V3.Lib", "Tyuiu.GizatullinAP.Sprint2.Task5.V3.Lib\Tyuiu.GizatullinAP.Sprint2.Task5.V3.Lib.csproj", "{0B072554-8867-4F8E-A809-647E7DEA2827}"
EndProject
Global
	GlobalSection(SolutionConfigurationPlatforms) = preSolution
		Debug|Any CPU = Debug|Any CPU
		Release|Any CPU = Release|Any CPU
	EndGlobalSection
	GlobalSection(ProjectConfigurationPlatforms) = postSolution
		{8A65376E-C5CC-42DE-9FEC-0F48633791FC}.Debug|Any CPU.ActiveCfg = Debug|Any CPU
		{8A65376E-C5CC-42DE-9FEC-0F48633791FC}.Debug|Any CPU.Build.0 = Debug|Any CPU
		{8A65376E-C5CC-42DE-9FEC-0F48633791FC}.Release|Any CPU.ActiveCfg = Release|Any CPU
		{8A65376E-C5CC-42DE-9FEC-0F48633791FC}.Release|Any CPU.Build.0 = Release|Any CPU
		{AC9D7454-CAF7-4A96-AC95-CB1B0483F4E8}.Debug|Any CPU.ActiveCfg = Debug|Any CPU
		{AC9D7454-CAF7-4A96-AC95-CB1B0483F4E8}.Debug|Any CPU.Build.0 = Debug|Any CPU
		{AC9D7454-CAF7-4A96-AC95-CB1B0483F4E8}.Release|Any CPU.ActiveCfg = Release|Any CPU
		{AC9D7454-CAF7-4A96-AC95-CB1B0483F4E8}.Release|Any CPU.Build.0 = Release|Any CPU
		{6990B855-EBE1-4BA0-9D9C-895DA4EE222B}.Debug|Any CPU.ActiveCfg = Debug|Any CPU
		{6990B855-EBE1-4BA0-9D9C-895DA4EE222B}.Debug|Any CPU.Build.0 = Debug|Any CPU
		{6990B855-EBE1-4BA0-9D9C-895DA4EE222B}.Release|Any CPU.ActiveCfg = Release|Any CPU
		{6990B855-EBE1-4BA0-9D9C-895DA4EE222B}.Release|Any CPU.Build.0 = Release|Any CPU
		{B22E071A-FFCD-4C16-9D57-BE536A13094A}.Debug|Any CPU.ActiveCfg = Debug|Any CPU
		{B22E071A-FFCD-4C16-9D57-BE536A13094A}.Debug|Any CPU.Build.0 = Debug|Any CPU
		{B22E071A-FFCD-4C16-9D57-BE536A13094A}.Release|Any CPU.ActiveCfg = Release|Any CPU
		{B22E071A-FFCD-4C16-9D57-BE536A13094A}.Release|Any CPU.Build.0 = Release|Any CPU
		{17C31A9A-F608-49C2-A6D3-007BA4810E6B}.Debug|Any CPU.ActiveCfg = Debug|Any CPU
		{17C31A9A-F608-49C2-A6D3-007BA4810E6B}.Debug|Any CPU.Build.0 = Debug|Any CPU
		{17C31A9A-F608-49C2-A6D3-007BA4810E6B}.Release|Any CPU.ActiveCfg = Release|Any CPU
		{17C31A9A-F608-49C2-A6D3-007BA4810E6B}.Release|Any CPU.Build.0 = Release|Any CPU
		{1127B061-AE81-47D4-BEFC-3BA5774F3BBB}.Debug|Any CPU.ActiveCfg = Debug|Any CPU
		{1127B061-AE81-47D4-BEFC-3BA5774F3BBB}.Debug|Any CPU.Build.0 = Debug|Any CPU
		{1127B061-AE81-47D4-BEFC-3BA5774F3BBB}.Release|Any CPU.ActiveCfg = Release|Any CPU
		{1127B061-AE81-47D4-BEFC-3BA5774F3BBB}.Release|Any CPU.Build.0 = Release|Any CPU
		{8AA59477-229C-4C78-97D8-832C48A03367}.Debug|Any CPU.ActiveCfg = Debug|Any CPU
		{8AA59477-229C-4C78-97D8-832C48A03367}.Debug|Any CPU.Build.0 = Debug|Any CPU
		{8AA59477-229C-4C78-97D8-832C48A03367}.Release|Any CPU.ActiveCfg = Release|Any CPU
		{8AA59477-229C-4C78-97D8-832C48A03367}.Release|Any CPU.Build.0 = Release|Any CPU
		{F6956C63-0BFF-44E0-896F-8FD14C151341}.Debug|Any CPU.ActiveCfg = Debug|Any CPU
		{F6956C63-0BFF-44E0-896F-8FD14C151341}.Debug|Any CPU.Build.0 = Debug|Any CPU
		{F6956C63-0BFF-44E0-896F-8FD14C151341}.Release|Any CPU.ActiveCfg = Release|Any CPU
		{F6956C63-0BFF-44E0-896F-8FD14C151341}.Release|Any CPU.Build.0 = Release|Any CPU
		{6BA755AE-5B29-4D64-9691-887B147B0E66}.Debug|Any CPU.ActiveCfg = Debug|Any CPU
		{6BA755AE-5B29-4D64-9691-887B147B0E66}.Debug|Any CPU.Build.0 = Debug|Any CPU
		{6BA755AE-5B29-4D64-9691-887B147B0E66}.Release|Any CPU.ActiveCfg = Release|Any CPU
		{6BA755AE-5B29-4D64-9691-887B147B0E66}.Release|Any CPU.Build.0 = Release|Any CPU
		{625AC6ED-86B2-409E-94A8-1366563A1806}.Debug|Any CPU.ActiveCfg = Debug|Any CPU
		{625AC6ED-86B2-409E-94A8-1366563A1806}.Debug|Any CPU.Build.0 = Debug|Any CPU
		{625AC6ED-86B2-409E-94A8-1366563A1806}.Release|Any CPU.ActiveCfg = Release|Any CPU
		{625AC6ED-86B2-409E-94A8-1366563A1806}.Release|Any CPU.Build.0 = Release|Any CPU
		{DAB449A7-7537-46FE-9B8B-93F89B24516F}.Debug|Any CPU.ActiveCfg = Debug|Any CPU
		{DAB449A7-7537-46FE-9B8B-93F89B24516F}.Debug|Any CPU.Build.0 = Debug|Any CPU
		{DAB449A7-7537-46FE-9B8B-93F89B24516F}.Release|Any CPU.ActiveCfg = Release|Any CPU
		{DAB449A7-7537-46FE-9B8B-93F89B24516F}.Release|Any CPU.Build.0 = Release|Any CPU
		{5D1C826A-FE96-44A9-ACF6-76BD57B18E7A}.Debug|Any CPU.ActiveCfg = Debug|Any CPU
		{5D1C826A-FE96-44A9-ACF6-76BD57B18E7A}.Debug|Any CPU.Build.0 = Debug|Any CPU
		{5D1C826A-FE96-44A9-ACF6-76BD57B18E7A}.Release|Any CPU.ActiveCfg = Release|Any CPU
		{5D1C826A-FE96-44A9-ACF6-76BD57B18E7A}.Release|Any CPU.Build.0 = Release|Any CPU
		{B486C08F-3A45-4E9F-843C-A3093A5A696F}.Debug|Any CPU.ActiveCfg = Debug|Any CPU
		{B486C08F-3A45-4E9F-843C-A3093A5A696F}.Debug|Any CPU.Build.0 = Debug|Any CPU
		{B486C08F-3A45-4E9F-843C-A3093A5A696F}.Release|Any CPU.ActiveCfg = Release|Any CPU
		{B486C08F-3A45-4E9F-843C-A3093A5A696F}.Release|Any CPU.Build.0 = Release|Any CPU
		{D46CC179-9FEF-4B31-90BB-0AE747AD77EF}.Debug|Any CPU.ActiveCfg = Debug|Any CPU
		{D46CC179-9FEF-4B31-90BB-0AE747AD77EF}.Debug|Any CPU.Build.0 = Debug|Any CPU
		{D46CC179-9FEF-4B31-90BB-0AE747AD77EF}.Release|Any CPU.ActiveCfg = Release|Any CPU
		{D46CC179-9FEF-4B31-90BB-0AE747AD77EF}.Release|Any CPU.Build.0 = Release|Any CPU
		{CE83ABF7-460D-4811-86EF-7EB2037FF280}.Debug|Any CPU.ActiveCfg = Debug|Any CPU
		{CE83ABF7-460D-4811-86EF-7EB2037FF280}.Debug|Any CPU.Build.0 = Debug|Any CPU
		{CE83ABF7-460D-4811-86EF-7EB2037FF280}.Release|Any CPU.ActiveCfg = Release|Any CPU
		{CE83ABF7-460D-4811-86EF-7EB2037FF280}.Release|Any CPU.Build.0 = Release|Any CPU
		{1409F50D-1B4A-420B-AC87-922305B5787F}.Debug|Any CPU.ActiveCfg = Debug|Any CPU
		{1409F50D-1B4A-420B-AC87-922305B5787F}.Debug|Any CPU.Build.0 = Debug|Any CPU
		{1409F50D-1B4A-420B-AC87-922305B5787F}.Release|Any CPU.ActiveCfg = Release|Any CPU
		{1409F50D-1B4A-420B-AC87-922305B5787F}.Release|Any CPU.Build.0 = Release|Any CPU
		{14C46574-1B0E-47B2-B86A-E977C40C5B9B}.Debug|Any CPU.ActiveCfg = Debug|Any CPU
		{14C46574-1B0E-47B2-B86A-E977C40C5B9B}.Debug|Any CPU.Build.0 = Debug|Any CPU
		{14C46574-1B0E-47B2-B86A-E977C40C5B9B}.Release|Any CPU.ActiveCfg = Release|Any CPU
		{14C46574-1B0E-47B2-B86A-E977C40C5B9B}.Release|Any CPU.Build.0 = Release|Any CPU
		{0B072554-8867-4F8E-A809-647E7DEA2827}.Debug|Any CPU.ActiveCfg = Debug|Any CPU
		{0B072554-8867-4F8E-A809-647E7DEA2827}.Debug|Any CPU.Build.0 = Debug|Any CPU
		{0B072554-8867-4F8E-A809-647E7DEA2827}.Release|Any CPU.ActiveCfg = Release|Any CPU
		{0B072554-8867-4F8E-A809-647E7DEA2827}.Release|Any CPU.Build.0 = Release|Any CPU
	EndGlobalSection
	GlobalSection(SolutionProperties) = preSolution
		HideSolutionNode = FALSE
	EndGlobalSection
	GlobalSection(NestedProjects) = preSolution
		{8A65376E-C5CC-42DE-9FEC-0F48633791FC} = {AEA49692-38C5-406A-AB47-C22284823F68}
		{AC9D7454-CAF7-4A96-AC95-CB1B0483F4E8} = {AEA49692-38C5-406A-AB47-C22284823F68}
		{6990B855-EBE1-4BA0-9D9C-895DA4EE222B} = {AEA49692-38C5-406A-AB47-C22284823F68}
		{B22E071A-FFCD-4C16-9D57-BE536A13094A} = {E61A588E-D9AD-407D-95FA-F12186281360}
		{17C31A9A-F608-49C2-A6D3-007BA4810E6B} = {E61A588E-D9AD-407D-95FA-F12186281360}
		{1127B061-AE81-47D4-BEFC-3BA5774F3BBB} = {E61A588E-D9AD-407D-95FA-F12186281360}
		{8AA59477-229C-4C78-97D8-832C48A03367} = {1CD5055F-6BAD-4E17-B308-869530AB6D6A}
		{F6956C63-0BFF-44E0-896F-8FD14C151341} = {1CD5055F-6BAD-4E17-B308-869530AB6D6A}
		{6BA755AE-5B29-4D64-9691-887B147B0E66} = {1CD5055F-6BAD-4E17-B308-869530AB6D6A}
		{625AC6ED-86B2-409E-94A8-1366563A1806} = {5134A138-A72A-4F93-BFED-67F52402DB57}
		{DAB449A7-7537-46FE-9B8B-93F89B24516F} = {5134A138-A72A-4F93-BFED-67F52402DB57}
		{5D1C826A-FE96-44A9-ACF6-76BD57B18E7A} = {5134A138-A72A-4F93-BFED-67F52402DB57}
		{B486C08F-3A45-4E9F-843C-A3093A5A696F} = {8BFD21ED-346A-4791-AC4B-32C03475612D}
		{D46CC179-9FEF-4B31-90BB-0AE747AD77EF} = {8BFD21ED-346A-4791-AC4B-32C03475612D}
		{CE83ABF7-460D-4811-86EF-7EB2037FF280} = {8BFD21ED-346A-4791-AC4B-32C03475612D}
		{1409F50D-1B4A-420B-AC87-922305B5787F} = {52B9419D-FFBD-492B-B527-07B194D4979B}
		{14C46574-1B0E-47B2-B86A-E977C40C5B9B} = {52B9419D-FFBD-492B-B527-07B194D4979B}
		{0B072554-8867-4F8E-A809-647E7DEA2827} = {52B9419D-FFBD-492B-B527-07B194D4979B}
	EndGlobalSection
	GlobalSection(ExtensibilityGlobals) = postSolution
		SolutionGuid = {B41E4BAF-61EE-46FD-8446-5964FA100DEC}
	EndGlobalSection
EndGlobal
